
Microsoft Visual Studio Solution File, Format Version 12.00
# Visual Studio Version 17
VisualStudioVersion = 17.9.34728.123
MinimumVisualStudioVersion = 10.0.40219.1
Project("{FAE04EC0-301F-11D3-BF4B-00C04F79EFBC}") = "caltamiranoT6", "caltamiranoT6\caltamiranoT6.csproj", "{79F2035C-019C-479B-9C8D-BE765EC617D9}"
EndProject
Project("{2150E333-8FDC-42A3-9474-1A3956D46DE8}") = "Solution Items", "Solution Items", "{C353E181-D04B-48CF-971C-B80C84F85C14}"
	ProjectSection(SolutionItems) = preProject
		.editorconfig = .editorconfig
	EndProjectSection
EndProject
Global
	GlobalSection(SolutionConfigurationPlatforms) = preSolution
		Debug|Any CPU = Debug|Any CPU
		Release|Any CPU = Release|Any CPU
	EndGlobalSection
	GlobalSection(ProjectConfigurationPlatforms) = postSolution
		{79F2035C-019C-479B-9C8D-BE765EC617D9}.Debug|Any CPU.ActiveCfg = Debug|Any CPU
		{79F2035C-019C-479B-9C8D-BE765EC617D9}.Debug|Any CPU.Build.0 = Debug|Any CPU
		{79F2035C-019C-479B-9C8D-BE765EC617D9}.Debug|Any CPU.Deploy.0 = Debug|Any CPU
		{79F2035C-019C-479B-9C8D-BE765EC617D9}.Release|Any CPU.ActiveCfg = Release|Any CPU
		{79F2035C-019C-479B-9C8D-BE765EC617D9}.Release|Any CPU.Build.0 = Release|Any CPU
		{79F2035C-019C-479B-9C8D-BE765EC617D9}.Release|Any CPU.Deploy.0 = Release|Any CPU
	EndGlobalSection
	GlobalSection(SolutionProperties) = preSolution
		HideSolutionNode = FALSE
	EndGlobalSection
	GlobalSection(ExtensibilityGlobals) = postSolution
		SolutionGuid = {75D127AE-B4A9-4BC4-8311-4EC5EAFAB378}
	EndGlobalSection
EndGlobal
